
Microsoft Visual Studio Solution File, Format Version 12.00
# Visual Studio 15
VisualStudioVersion = 15.0.26430.13
MinimumVisualStudioVersion = 10.0.40219.1
Project("{2150E333-8FDC-42A3-9474-1A3956D46DE8}") = "src", "src", "{82223BC2-FD46-45B7-8714-A1BBB6FACC0E}"
EndProject
Project("{2150E333-8FDC-42A3-9474-1A3956D46DE8}") = "tests", "tests", "{FCFAE99C-C28A-44B7-A7BE-F9D5481C35B9}"
EndProject
Project("{9A19103F-16F7-4668-BE54-9A1E7A4F7556}") = "TypeSafe.Http.Net.Metadata", "src\TypeSafe.HTTP.NET.Metadata\TypeSafe.Http.Net.Metadata.csproj", "{7B39A156-DB19-4007-A53F-40398355B054}"
EndProject
Project("{9A19103F-16F7-4668-BE54-9A1E7A4F7556}") = "TypeSafe.Http.Net.Api", "src\TypeSafe.Http.Net.Api\TypeSafe.Http.Net.Api.csproj", "{C522729D-391F-4232-B37C-C9EA65761C7E}"
EndProject
Project("{9A19103F-16F7-4668-BE54-9A1E7A4F7556}") = "TypeSafe.Http.Net.HttpClient", "src\TypeSafe.Http.Net.HttpClient\TypeSafe.Http.Net.HttpClient.csproj", "{ACDD05F5-F138-4FB2-99E7-A0E1C8340A76}"
EndProject
Project("{9A19103F-16F7-4668-BE54-9A1E7A4F7556}") = "TypeSafe.Http.Net.Core", "src\TypeSafe.Http.Net.Core\TypeSafe.Http.Net.Core.csproj", "{D3232C5B-F261-4B22-8EB7-C6BE8623FE4C}"
EndProject
Project("{9A19103F-16F7-4668-BE54-9A1E7A4F7556}") = "TypeSafe.Http.Net.Performance.NetCore.Tests", "tests\TypeSafe.Http.Net.Performance.NetCore.Tests\TypeSafe.Http.Net.Performance.NetCore.Tests.csproj", "{D018000A-02C3-4379-B5AE-8494C6B5079F}"
EndProject
Project("{9A19103F-16F7-4668-BE54-9A1E7A4F7556}") = "TypeSafe.Http.Net.Serializer.JsonNET", "src\TypeSafe.Http.Net.Serializer.JsonNET\TypeSafe.Http.Net.Serializer.JsonNET.csproj", "{0881A590-1180-4A2C-9F73-77A83F305B75}"
EndProject
Project("{2150E333-8FDC-42A3-9474-1A3956D46DE8}") = "Serializers", "Serializers", "{1A5E6799-1638-4A1D-9AB7-D970CECB9DC9}"
EndProject
Project("{2150E333-8FDC-42A3-9474-1A3956D46DE8}") = "Clients", "Clients", "{4F3EA168-7B79-4B72-A080-67E77494F808}"
EndProject
Project("{9A19103F-16F7-4668-BE54-9A1E7A4F7556}") = "TypeSafe.Http.Net.Serializer.ProtobufNet", "src\TypeSafe.Http.Net.Serializer.ProtobufNet\TypeSafe.Http.Net.Serializer.ProtobufNet.csproj", "{5768DDA2-4A92-46FC-AC76-FDB740B0849B}"
EndProject
Project("{FAE04EC0-301F-11D3-BF4B-00C04F79EFBC}") = "TypeSafe.Http.Net.Performance.NetFramework.Tests", "tests\TypeSafe.Http.Net.Performance.NetFramework.Tests\TypeSafe.Http.Net.Performance.NetFramework.Tests.csproj", "{9CC99584-32AA-4C9B-8322-7B6732EEF935}"
EndProject
Project("{FAE04EC0-301F-11D3-BF4B-00C04F79EFBC}") = "TypeSafe.Http.Net.RestSharp", "src\TypeSafe.Http.Net.RestSharp\TypeSafe.Http.Net.RestSharp.csproj", "{6FF28B8F-8FE2-4772-A001-30E5827BD813}"
EndProject
Global
	GlobalSection(SolutionConfigurationPlatforms) = preSolution
		Debug|Any CPU = Debug|Any CPU
		Release|Any CPU = Release|Any CPU
	EndGlobalSection
	GlobalSection(ProjectConfigurationPlatforms) = postSolution
		{7B39A156-DB19-4007-A53F-40398355B054}.Debug|Any CPU.ActiveCfg = Debug|Any CPU
		{7B39A156-DB19-4007-A53F-40398355B054}.Debug|Any CPU.Build.0 = Debug|Any CPU
		{7B39A156-DB19-4007-A53F-40398355B054}.Release|Any CPU.ActiveCfg = Release|Any CPU
		{7B39A156-DB19-4007-A53F-40398355B054}.Release|Any CPU.Build.0 = Release|Any CPU
		{C522729D-391F-4232-B37C-C9EA65761C7E}.Debug|Any CPU.ActiveCfg = Debug|Any CPU
		{C522729D-391F-4232-B37C-C9EA65761C7E}.Debug|Any CPU.Build.0 = Debug|Any CPU
		{C522729D-391F-4232-B37C-C9EA65761C7E}.Release|Any CPU.ActiveCfg = Release|Any CPU
		{C522729D-391F-4232-B37C-C9EA65761C7E}.Release|Any CPU.Build.0 = Release|Any CPU
		{ACDD05F5-F138-4FB2-99E7-A0E1C8340A76}.Debug|Any CPU.ActiveCfg = Debug|Any CPU
		{ACDD05F5-F138-4FB2-99E7-A0E1C8340A76}.Debug|Any CPU.Build.0 = Debug|Any CPU
		{ACDD05F5-F138-4FB2-99E7-A0E1C8340A76}.Release|Any CPU.ActiveCfg = Release|Any CPU
		{ACDD05F5-F138-4FB2-99E7-A0E1C8340A76}.Release|Any CPU.Build.0 = Release|Any CPU
		{D3232C5B-F261-4B22-8EB7-C6BE8623FE4C}.Debug|Any CPU.ActiveCfg = Debug|Any CPU
		{D3232C5B-F261-4B22-8EB7-C6BE8623FE4C}.Debug|Any CPU.Build.0 = Debug|Any CPU
		{D3232C5B-F261-4B22-8EB7-C6BE8623FE4C}.Release|Any CPU.ActiveCfg = Release|Any CPU
		{D3232C5B-F261-4B22-8EB7-C6BE8623FE4C}.Release|Any CPU.Build.0 = Release|Any CPU
		{D018000A-02C3-4379-B5AE-8494C6B5079F}.Debug|Any CPU.ActiveCfg = Debug|Any CPU
		{D018000A-02C3-4379-B5AE-8494C6B5079F}.Debug|Any CPU.Build.0 = Debug|Any CPU
		{D018000A-02C3-4379-B5AE-8494C6B5079F}.Release|Any CPU.ActiveCfg = Release|Any CPU
		{D018000A-02C3-4379-B5AE-8494C6B5079F}.Release|Any CPU.Build.0 = Release|Any CPU
		{0881A590-1180-4A2C-9F73-77A83F305B75}.Debug|Any CPU.ActiveCfg = Debug|Any CPU
		{0881A590-1180-4A2C-9F73-77A83F305B75}.Debug|Any CPU.Build.0 = Debug|Any CPU
		{0881A590-1180-4A2C-9F73-77A83F305B75}.Release|Any CPU.ActiveCfg = Release|Any CPU
		{0881A590-1180-4A2C-9F73-77A83F305B75}.Release|Any CPU.Build.0 = Release|Any CPU
		{5768DDA2-4A92-46FC-AC76-FDB740B0849B}.Debug|Any CPU.ActiveCfg = Debug|Any CPU
		{5768DDA2-4A92-46FC-AC76-FDB740B0849B}.Debug|Any CPU.Build.0 = Debug|Any CPU
		{5768DDA2-4A92-46FC-AC76-FDB740B0849B}.Release|Any CPU.ActiveCfg = Release|Any CPU
		{5768DDA2-4A92-46FC-AC76-FDB740B0849B}.Release|Any CPU.Build.0 = Release|Any CPU
		{9CC99584-32AA-4C9B-8322-7B6732EEF935}.Debug|Any CPU.ActiveCfg = Debug|Any CPU
		{9CC99584-32AA-4C9B-8322-7B6732EEF935}.Debug|Any CPU.Build.0 = Debug|Any CPU
		{9CC99584-32AA-4C9B-8322-7B6732EEF935}.Release|Any CPU.ActiveCfg = Release|Any CPU
		{9CC99584-32AA-4C9B-8322-7B6732EEF935}.Release|Any CPU.Build.0 = Release|Any CPU
		{6FF28B8F-8FE2-4772-A001-30E5827BD813}.Debug|Any CPU.ActiveCfg = Debug|Any CPU
		{6FF28B8F-8FE2-4772-A001-30E5827BD813}.Debug|Any CPU.Build.0 = Debug|Any CPU
		{6FF28B8F-8FE2-4772-A001-30E5827BD813}.Release|Any CPU.ActiveCfg = Release|Any CPU
		{6FF28B8F-8FE2-4772-A001-30E5827BD813}.Release|Any CPU.Build.0 = Release|Any CPU
	EndGlobalSection
	GlobalSection(SolutionProperties) = preSolution
		HideSolutionNode = FALSE
	EndGlobalSection
	GlobalSection(NestedProjects) = preSolution
		{7B39A156-DB19-4007-A53F-40398355B054} = {82223BC2-FD46-45B7-8714-A1BBB6FACC0E}
		{C522729D-391F-4232-B37C-C9EA65761C7E} = {82223BC2-FD46-45B7-8714-A1BBB6FACC0E}
		{ACDD05F5-F138-4FB2-99E7-A0E1C8340A76} = {4F3EA168-7B79-4B72-A080-67E77494F808}
		{D3232C5B-F261-4B22-8EB7-C6BE8623FE4C} = {82223BC2-FD46-45B7-8714-A1BBB6FACC0E}
		{D018000A-02C3-4379-B5AE-8494C6B5079F} = {FCFAE99C-C28A-44B7-A7BE-F9D5481C35B9}
		{0881A590-1180-4A2C-9F73-77A83F305B75} = {1A5E6799-1638-4A1D-9AB7-D970CECB9DC9}
		{1A5E6799-1638-4A1D-9AB7-D970CECB9DC9} = {82223BC2-FD46-45B7-8714-A1BBB6FACC0E}
		{4F3EA168-7B79-4B72-A080-67E77494F808} = {82223BC2-FD46-45B7-8714-A1BBB6FACC0E}
		{5768DDA2-4A92-46FC-AC76-FDB740B0849B} = {1A5E6799-1638-4A1D-9AB7-D970CECB9DC9}
		{9CC99584-32AA-4C9B-8322-7B6732EEF935} = {FCFAE99C-C28A-44B7-A7BE-F9D5481C35B9}
		{6FF28B8F-8FE2-4772-A001-30E5827BD813} = {4F3EA168-7B79-4B72-A080-67E77494F808}
	EndGlobalSection
EndGlobal
